
Microsoft Visual Studio Solution File, Format Version 12.00
# Visual Studio Version 16
VisualStudioVersion = 16.0.31624.102
MinimumVisualStudioVersion = 10.0.40219.1
Project("{FAE04EC0-301F-11D3-BF4B-00C04F79EFBC}") = "INLAMNING", "INLAMNING.csproj", "{BF07C12B-EA37-45F7-917E-FA41E1EC9977}"
EndProject
Global
	GlobalSection(SolutionConfigurationPlatforms) = preSolution
		Debug|Any CPU = Debug|Any CPU
		Release|Any CPU = Release|Any CPU
	EndGlobalSection
	GlobalSection(ProjectConfigurationPlatforms) = postSolution
		{BF07C12B-EA37-45F7-917E-FA41E1EC9977}.Debug|Any CPU.ActiveCfg = Debug|Any CPU
		{BF07C12B-EA37-45F7-917E-FA41E1EC9977}.Debug|Any CPU.Build.0 = Debug|Any CPU
		{BF07C12B-EA37-45F7-917E-FA41E1EC9977}.Release|Any CPU.ActiveCfg = Release|Any CPU
		{BF07C12B-EA37-45F7-917E-FA41E1EC9977}.Release|Any CPU.Build.0 = Release|Any CPU
	EndGlobalSection
	GlobalSection(SolutionProperties) = preSolution
		HideSolutionNode = FALSE
	EndGlobalSection
	GlobalSection(ExtensibilityGlobals) = postSolution
		SolutionGuid = {8D13D9C5-ABF8-45FB-81A6-10FB7A724A89}
	EndGlobalSection
EndGlobal
